
Microsoft Visual Studio Solution File, Format Version 12.00
# Visual Studio 15
VisualStudioVersion = 15.0.27130.2027
MinimumVisualStudioVersion = 10.0.40219.1
Project("{FAE04EC0-301F-11D3-BF4B-00C04F79EFBC}") = "Bundles", "Bundles\Bundles.csproj", "{389D680E-3F78-4C2B-8B06-A8ABE00F09BA}"
EndProject
Global
	GlobalSection(SolutionConfigurationPlatforms) = preSolution
		Debug|Any CPU = Debug|Any CPU
		Release|Any CPU = Release|Any CPU
	EndGlobalSection
	GlobalSection(ProjectConfigurationPlatforms) = postSolution
		{389D680E-3F78-4C2B-8B06-A8ABE00F09BA}.Debug|Any CPU.ActiveCfg = Debug|Any CPU
		{389D680E-3F78-4C2B-8B06-A8ABE00F09BA}.Debug|Any CPU.Build.0 = Debug|Any CPU
		{389D680E-3F78-4C2B-8B06-A8ABE00F09BA}.Release|Any CPU.ActiveCfg = Release|Any CPU
		{389D680E-3F78-4C2B-8B06-A8ABE00F09BA}.Release|Any CPU.Build.0 = Release|Any CPU
	EndGlobalSection
	GlobalSection(SolutionProperties) = preSolution
		HideSolutionNode = FALSE
	EndGlobalSection
	GlobalSection(ExtensibilityGlobals) = postSolution
		SolutionGuid = {0B492FCB-8A89-4DE6-9BDE-FF461942A469}
	EndGlobalSection
EndGlobal
